# This file is autogenerated, do not edit; changes may be undone by the next 'dep ensure'.


[[projects]]
  branch = "master"
  name = "github.com/cloudflare/golz4"
  packages = ["."]
  revision = "ef862a3cdc58a6f1fee4e3af3d44fbe279194cde"

[[projects]]
  branch = "master"
  name = "github.com/golang/freetype"
  packages = [
    "raster",
    "truetype"
  ]
  revision = "e2365dfdc4a05e4b8299a783240d4a7d5a65d4e4"

[[projects]]
  branch = "master"
  name = "github.com/golang/glog"
  packages = ["."]
  revision = "23def4e6c14b4da8ac2ed8007337bc5eb5007998"

[[projects]]
  name = "github.com/kshvakov/clickhouse"
  packages = [
    ".",
    "lib/binary",
    "lib/cityhash102",
    "lib/column",
    "lib/data",
    "lib/leakypool",
    "lib/lz4",
    "lib/protocol",
    "lib/types",
    "lib/writebuffer"
  ]
  revision = "a5f69ea606622ffd124676fd0b7a9148426ad2b4"
  version = "v1.3.10"

[[projects]]
  branch = "master"
  name = "github.com/muesli/clusters"
  packages = ["."]
  revision = "ba9c57dd92288f83d8257a5842a734d892c86cd3"

[[projects]]
  name = "github.com/muesli/kmeans"
  packages = ["."]
  revision = "0ad7a62e65e1f6759f2e79c3fee6da7d3d51976c"
  version = "v0.1"

[[projects]]
  name = "github.com/smira/go-point-clustering"
  packages = ["."]
  revision = "b2d9c6d4dc3e01116a2b4667d836d1b67dcbe9c6"
  version = "v1.0.1"

[[projects]]
  name = "github.com/wcharczuk/go-chart"
  packages = [
    ".",
    "drawing",
    "matrix",
    "roboto",
    "seq",
    "util"
  ]
  revision = "7c3982fe3d8ab0c9eea9ab5d2aced51e45d447bc"
  version = "v2.0.1"

[[projects]]
  name = "github.com/willf/bitset"
  packages = ["."]
  revision = "20ad246f50b49590afcb1ed8ad143da7163869cb"
  version = "v1.1.10"

[[projects]]
  branch = "master"
  name = "golang.org/x/image"
  packages = [
    "draw",
    "font",
    "math/f64",
    "math/fixed"
  ]
  revision = "cff245a6509b8c4de022d0d5b9037c503c5989d6"

[solve-meta]
  analyzer-name = "dep"
  analyzer-version = 1
  inputs-digest = "3f3e7e6f4324f3b52a83378232a5128e177a9c711f9bf18c604eb8efa2540098"
  solver-name = "gps-cdcl"
  solver-version = 1
